
Microsoft Visual Studio Solution File, Format Version 12.00
# Visual Studio 2017
Project("{FAE04EC0-301F-11D3-BF4B-00C04F79EFBC}") = "particle practice.Editor", "particle practice.Editor.csproj", "{34DC9463-5212-9D8F-311B-9CCAF1F4217B}"
EndProject
Project("{FAE04EC0-301F-11D3-BF4B-00C04F79EFBC}") = "particle practice.Editor", "particle practice.Editor.csproj", "{34DC9463-5212-9D8F-311B-9CCAF1F4217B}"
EndProject
Global
	GlobalSection(SolutionConfigurationPlatforms) = preSolution
		Debug|Any CPU = Debug|Any CPU
		Release|Any CPU = Release|Any CPU
	EndGlobalSection
	GlobalSection(ProjectConfigurationPlatforms) = postSolution
		{34DC9463-5212-9D8F-311B-9CCAF1F4217B}.Debug|Any CPU.ActiveCfg = Debug|Any CPU
		{34DC9463-5212-9D8F-311B-9CCAF1F4217B}.Debug|Any CPU.Build.0 = Debug|Any CPU
		{34DC9463-5212-9D8F-311B-9CCAF1F4217B}.Release|Any CPU.ActiveCfg = Release|Any CPU
		{34DC9463-5212-9D8F-311B-9CCAF1F4217B}.Release|Any CPU.Build.0 = Release|Any CPU
		{34DC9463-5212-9D8F-311B-9CCAF1F4217B}.Debug|Any CPU.ActiveCfg = Debug|Any CPU
		{34DC9463-5212-9D8F-311B-9CCAF1F4217B}.Debug|Any CPU.Build.0 = Debug|Any CPU
		{34DC9463-5212-9D8F-311B-9CCAF1F4217B}.Release|Any CPU.ActiveCfg = Release|Any CPU
		{34DC9463-5212-9D8F-311B-9CCAF1F4217B}.Release|Any CPU.Build.0 = Release|Any CPU
	EndGlobalSection
	GlobalSection(SolutionProperties) = preSolution
		HideSolutionNode = FALSE
	EndGlobalSection
EndGlobal
