
Microsoft Visual Studio Solution File, Format Version 12.00
# Visual Studio 15
VisualStudioVersion = 15.0.26730.12
MinimumVisualStudioVersion = 10.0.40219.1
Project("{FAE04EC0-301F-11D3-BF4B-00C04F79EFBC}") = "Uni Game", "Uni Game.csproj", "{B6ED3EDC-9B91-FC25-9805-79A62EBF690F}"
EndProject
Project("{FAE04EC0-301F-11D3-BF4B-00C04F79EFBC}") = "Uni Game.Editor", "Uni Game.Editor.csproj", "{7D71E31D-D11A-7B75-BFB4-3E9061C9A965}"
EndProject
Global
	GlobalSection(SolutionConfigurationPlatforms) = preSolution
		Debug|Any CPU = Debug|Any CPU
		Release|Any CPU = Release|Any CPU
	EndGlobalSection
	GlobalSection(ProjectConfigurationPlatforms) = postSolution
		{B6ED3EDC-9B91-FC25-9805-79A62EBF690F}.Debug|Any CPU.ActiveCfg = Debug|Any CPU
		{B6ED3EDC-9B91-FC25-9805-79A62EBF690F}.Debug|Any CPU.Build.0 = Debug|Any CPU
		{B6ED3EDC-9B91-FC25-9805-79A62EBF690F}.Release|Any CPU.ActiveCfg = Release|Any CPU
		{B6ED3EDC-9B91-FC25-9805-79A62EBF690F}.Release|Any CPU.Build.0 = Release|Any CPU
		{7D71E31D-D11A-7B75-BFB4-3E9061C9A965}.Debug|Any CPU.ActiveCfg = Debug|Any CPU
		{7D71E31D-D11A-7B75-BFB4-3E9061C9A965}.Debug|Any CPU.Build.0 = Debug|Any CPU
		{7D71E31D-D11A-7B75-BFB4-3E9061C9A965}.Release|Any CPU.ActiveCfg = Release|Any CPU
		{7D71E31D-D11A-7B75-BFB4-3E9061C9A965}.Release|Any CPU.Build.0 = Release|Any CPU
	EndGlobalSection
	GlobalSection(SolutionProperties) = preSolution
		HideSolutionNode = FALSE
	EndGlobalSection
	GlobalSection(ExtensibilityGlobals) = postSolution
		SolutionGuid = {F5194F97-B64C-448F-8E7B-6B9AC46CE3D9}
	EndGlobalSection
EndGlobal
